// !$*UTF8*$!
{
	archiveVersion = 1;
	classes = {
	};
	objectVersion = 50;
	objects = {

/* Begin PBXBuildFile section */
		048FF36320E37BA6004E3CBB /* AppDelegate.m in Sources */ = {isa = PBXBuildFile; fileRef = 048FF36220E37BA6004E3CBB /* AppDelegate.m */; };
		048FF36620E37BA6004E3CBB /* ViewController.m in Sources */ = {isa = PBXBuildFile; fileRef = 048FF36520E37BA6004E3CBB /* ViewController.m */; };
		048FF36920E37BA6004E3CBB /* Main.storyboard in Resources */ = {isa = PBXBuildFile; fileRef = 048FF36720E37BA6004E3CBB /* Main.storyboard */; };
		048FF36B20E37BA8004E3CBB /* Assets.xcassets in Resources */ = {isa = PBXBuildFile; fileRef = 048FF36A20E37BA8004E3CBB /* Assets.xcassets */; };
		048FF36E20E37BA8004E3CBB /* LaunchScreen.storyboard in Resources */ = {isa = PBXBuildFile; fileRef = 048FF36C20E37BA8004E3CBB /* LaunchScreen.storyboard */; };
		048FF37120E37BA8004E3CBB /* main.m in Sources */ = {isa = PBXBuildFile; fileRef = 048FF37020E37BA8004E3CBB /* main.m */; };
		048FF37B20E37BA8004E3CBB /* MLMDownloadTests.m in Sources */ = {isa = PBXBuildFile; fileRef = 048FF37A20E37BA8004E3CBB /* MLMDownloadTests.m */; };
		048FF38620E37BA8004E3CBB /* MLMDownloadUITests.m in Sources */ = {isa = PBXBuildFile; fileRef = 048FF38520E37BA8004E3CBB /* MLMDownloadUITests.m */; };
		048FF39620E380B2004E3CBB /* MLMDownloadManager.m in Sources */ = {isa = PBXBuildFile; fileRef = 048FF39420E380B2004E3CBB /* MLMDownloadManager.m */; };
		048FF39920E380D0004E3CBB /* MLMDownloadRequest.m in Sources */ = {isa = PBXBuildFile; fileRef = 048FF39720E380D0004E3CBB /* MLMDownloadRequest.m */; };
		048FF39C20E380DB004E3CBB /* MLMDownloadRequest+Helper.m in Sources */ = {isa = PBXBuildFile; fileRef = 048FF39A20E380DB004E3CBB /* MLMDownloadRequest+Helper.m */; };
		A602ED89B9EADC572FC4DF29 /* Pods_MLMDownload.framework in Frameworks */ = {isa = PBXBuildFile; fileRef = 1903A9689913ED0FA2D23195 /* Pods_MLMDownload.framework */; };
/* End PBXBuildFile section */

/* Begin PBXContainerItemProxy section */
		048FF37720E37BA8004E3CBB /* PBXContainerItemProxy */ = {
			isa = PBXContainerItemProxy;
			containerPortal = 048FF35620E37BA6004E3CBB /* Project object */;
			proxyType = 1;
			remoteGlobalIDString = 048FF35D20E37BA6004E3CBB;
			remoteInfo = MLMDownload;
		};
		048FF38220E37BA8004E3CBB /* PBXContainerItemProxy */ = {
			isa = PBXContainerItemProxy;
			containerPortal = 048FF35620E37BA6004E3CBB /* Project object */;
			proxyType = 1;
			remoteGlobalIDString = 048FF35D20E37BA6004E3CBB;
			remoteInfo = MLMDownload;
		};
/* End PBXContainerItemProxy section */

/* Begin PBXFileReference section */
		048FF35E20E37BA6004E3CBB /* MLMDownload.app */ = {isa = PBXFileReference; explicitFileType = wrapper.application; includeInIndex = 0; path = MLMDownload.app; sourceTree = BUILT_PRODUCTS_DIR; };
		048FF36120E37BA6004E3CBB /* AppDelegate.h */ = {isa = PBXFileReference; lastKnownFileType = sourcecode.c.h; path = AppDelegate.h; sourceTree = "<group>"; };
		048FF36220E37BA6004E3CBB /* AppDelegate.m */ = {isa = PBXFileReference; lastKnownFileType = sourcecode.c.objc; path = AppDelegate.m; sourceTree = "<group>"; };
		048FF36420E37BA6004E3CBB /* ViewController.h */ = {isa = PBXFileReference; lastKnownFileType = sourcecode.c.h; path = ViewController.h; sourceTree = "<group>"; };
		048FF36520E37BA6004E3CBB /* ViewController.m */ = {isa = PBXFileReference; lastKnownFileType = sourcecode.c.objc; path = ViewController.m; sourceTree = "<group>"; };
		048FF36820E37BA6004E3CBB /* Base */ = {isa = PBXFileReference; lastKnownFileType = file.storyboard; name = Base; path = Base.lproj/Main.storyboard; sourceTree = "<group>"; };
		048FF36A20E37BA8004E3CBB /* Assets.xcassets */ = {isa = PBXFileReference; lastKnownFileType = folder.assetcatalog; path = Assets.xcassets; sourceTree = "<group>"; };
		048FF36D20E37BA8004E3CBB /* Base */ = {isa = PBXFileReference; lastKnownFileType = file.storyboard; name = Base; path = Base.lproj/LaunchScreen.storyboard; sourceTree = "<group>"; };
		048FF36F20E37BA8004E3CBB /* Info.plist */ = {isa = PBXFileReference; lastKnownFileType = text.plist.xml; path = Info.plist; sourceTree = "<group>"; };
		048FF37020E37BA8004E3CBB /* main.m */ = {isa = PBXFileReference; lastKnownFileType = sourcecode.c.objc; path = main.m; sourceTree = "<group>"; };
		048FF37620E37BA8004E3CBB /* MLMDownloadTests.xctest */ = {isa = PBXFileReference; explicitFileType = wrapper.cfbundle; includeInIndex = 0; path = MLMDownloadTests.xctest; sourceTree = BUILT_PRODUCTS_DIR; };
		048FF37A20E37BA8004E3CBB /* MLMDownloadTests.m */ = {isa = PBXFileReference; lastKnownFileType = sourcecode.c.objc; path = MLMDownloadTests.m; sourceTree = "<group>"; };
		048FF37C20E37BA8004E3CBB /* Info.plist */ = {isa = PBXFileReference; lastKnownFileType = text.plist.xml; path = Info.plist; sourceTree = "<group>"; };
		048FF38120E37BA8004E3CBB /* MLMDownloadUITests.xctest */ = {isa = PBXFileReference; explicitFileType = wrapper.cfbundle; includeInIndex = 0; path = MLMDownloadUITests.xctest; sourceTree = BUILT_PRODUCTS_DIR; };
		048FF38520E37BA8004E3CBB /* MLMDownloadUITests.m */ = {isa = PBXFileReference; lastKnownFileType = sourcecode.c.objc; path = MLMDownloadUITests.m; sourceTree = "<group>"; };
		048FF38720E37BA8004E3CBB /* Info.plist */ = {isa = PBXFileReference; lastKnownFileType = text.plist.xml; path = Info.plist; sourceTree = "<group>"; };
		048FF39420E380B2004E3CBB /* MLMDownloadManager.m */ = {isa = PBXFileReference; fileEncoding = 4; lastKnownFileType = sourcecode.c.objc; path = MLMDownloadManager.m; sourceTree = "<group>"; };
		048FF39520E380B2004E3CBB /* MLMDownloadManager.h */ = {isa = PBXFileReference; fileEncoding = 4; lastKnownFileType = sourcecode.c.h; path = MLMDownloadManager.h; sourceTree = "<group>"; };
		048FF39720E380D0004E3CBB /* MLMDownloadRequest.m */ = {isa = PBXFileReference; fileEncoding = 4; lastKnownFileType = sourcecode.c.objc; path = MLMDownloadRequest.m; sourceTree = "<group>"; };
		048FF39820E380D0004E3CBB /* MLMDownloadRequest.h */ = {isa = PBXFileReference; fileEncoding = 4; lastKnownFileType = sourcecode.c.h; path = MLMDownloadRequest.h; sourceTree = "<group>"; };
		048FF39A20E380DB004E3CBB /* MLMDownloadRequest+Helper.m */ = {isa = PBXFileReference; fileEncoding = 4; lastKnownFileType = sourcecode.c.objc; path = "MLMDownloadRequest+Helper.m"; sourceTree = "<group>"; };
		048FF39B20E380DB004E3CBB /* MLMDownloadRequest+Helper.h */ = {isa = PBXFileReference; fileEncoding = 4; lastKnownFileType = sourcecode.c.h; path = "MLMDownloadRequest+Helper.h"; sourceTree = "<group>"; };
		1903A9689913ED0FA2D23195 /* Pods_MLMDownload.framework */ = {isa = PBXFileReference; explicitFileType = wrapper.framework; includeInIndex = 0; path = Pods_MLMDownload.framework; sourceTree = BUILT_PRODUCTS_DIR; };
		3F34A1983CBCBF7BD3CD242C /* Pods-MLMDownload.debug.xcconfig */ = {isa = PBXFileReference; includeInIndex = 1; lastKnownFileType = text.xcconfig; name = "Pods-MLMDownload.debug.xcconfig"; path = "Pods/Target Support Files/Pods-MLMDownload/Pods-MLMDownload.debug.xcconfig"; sourceTree = "<group>"; };
		BD2E9323309B13647A122FE8 /* Pods-MLMDownload.release.xcconfig */ = {isa = PBXFileReference; includeInIndex = 1; lastKnownFileType = text.xcconfig; name = "Pods-MLMDownload.release.xcconfig"; path = "Pods/Target Support Files/Pods-MLMDownload/Pods-MLMDownload.release.xcconfig"; sourceTree = "<group>"; };
/* End PBXFileReference section */

/* Begin PBXFrameworksBuildPhase section */
		048FF35B20E37BA6004E3CBB /* Frameworks */ = {
			isa = PBXFrameworksBuildPhase;
			buildActionMask = 2147483647;
			files = (
				A602ED89B9EADC572FC4DF29 /* Pods_MLMDownload.framework in Frameworks */,
			);
			runOnlyForDeploymentPostprocessing = 0;
		};
		048FF37320E37BA8004E3CBB /* Frameworks */ = {
			isa = PBXFrameworksBuildPhase;
			buildActionMask = 2147483647;
			files = (
			);
			runOnlyForDeploymentPostprocessing = 0;
		};
		048FF37E20E37BA8004E3CBB /* Frameworks */ = {
			isa = PBXFrameworksBuildPhase;
			buildActionMask = 2147483647;
			files = (
			);
			runOnlyForDeploymentPostprocessing = 0;
		};
/* End PBXFrameworksBuildPhase section */

/* Begin PBXGroup section */
		048FF35520E37BA6004E3CBB = {
			isa = PBXGroup;
			children = (
				048FF36020E37BA6004E3CBB /* MLMDownload */,
				048FF37920E37BA8004E3CBB /* MLMDownloadTests */,
				048FF38420E37BA8004E3CBB /* MLMDownloadUITests */,
				048FF35F20E37BA6004E3CBB /* Products */,
				923F4ECBC72024F48AB43C6F /* Pods */,
				2CE6BD92C0CD9B9BA28920E0 /* Frameworks */,
			);
			sourceTree = "<group>";
		};
		048FF35F20E37BA6004E3CBB /* Products */ = {
			isa = PBXGroup;
			children = (
				048FF35E20E37BA6004E3CBB /* MLMDownload.app */,
				048FF37620E37BA8004E3CBB /* MLMDownloadTests.xctest */,
				048FF38120E37BA8004E3CBB /* MLMDownloadUITests.xctest */,
			);
			name = Products;
			sourceTree = "<group>";
		};
		048FF36020E37BA6004E3CBB /* MLMDownload */ = {
			isa = PBXGroup;
			children = (
				048FF39320E380A3004E3CBB /* MLMDownload */,
				048FF36120E37BA6004E3CBB /* AppDelegate.h */,
				048FF36220E37BA6004E3CBB /* AppDelegate.m */,
				048FF36420E37BA6004E3CBB /* ViewController.h */,
				048FF36520E37BA6004E3CBB /* ViewController.m */,
				048FF36720E37BA6004E3CBB /* Main.storyboard */,
				048FF36A20E37BA8004E3CBB /* Assets.xcassets */,
				048FF36C20E37BA8004E3CBB /* LaunchScreen.storyboard */,
				048FF36F20E37BA8004E3CBB /* Info.plist */,
				048FF37020E37BA8004E3CBB /* main.m */,
			);
			path = MLMDownload;
			sourceTree = "<group>";
		};
		048FF37920E37BA8004E3CBB /* MLMDownloadTests */ = {
			isa = PBXGroup;
			children = (
				048FF37A20E37BA8004E3CBB /* MLMDownloadTests.m */,
				048FF37C20E37BA8004E3CBB /* Info.plist */,
			);
			path = MLMDownloadTests;
			sourceTree = "<group>";
		};
		048FF38420E37BA8004E3CBB /* MLMDownloadUITests */ = {
			isa = PBXGroup;
			children = (
				048FF38520E37BA8004E3CBB /* MLMDownloadUITests.m */,
				048FF38720E37BA8004E3CBB /* Info.plist */,
			);
			path = MLMDownloadUITests;
			sourceTree = "<group>";
		};
		048FF39320E380A3004E3CBB /* MLMDownload */ = {
			isa = PBXGroup;
			children = (
				048FF39820E380D0004E3CBB /* MLMDownloadRequest.h */,
				048FF39720E380D0004E3CBB /* MLMDownloadRequest.m */,
				048FF39B20E380DB004E3CBB /* MLMDownloadRequest+Helper.h */,
				048FF39A20E380DB004E3CBB /* MLMDownloadRequest+Helper.m */,
				048FF39520E380B2004E3CBB /* MLMDownloadManager.h */,
				048FF39420E380B2004E3CBB /* MLMDownloadManager.m */,
			);
			path = MLMDownload;
			sourceTree = "<group>";
		};
		2CE6BD92C0CD9B9BA28920E0 /* Frameworks */ = {
			isa = PBXGroup;
			children = (
				1903A9689913ED0FA2D23195 /* Pods_MLMDownload.framework */,
			);
			name = Frameworks;
			sourceTree = "<group>";
		};
		923F4ECBC72024F48AB43C6F /* Pods */ = {
			isa = PBXGroup;
			children = (
				3F34A1983CBCBF7BD3CD242C /* Pods-MLMDownload.debug.xcconfig */,
				BD2E9323309B13647A122FE8 /* Pods-MLMDownload.release.xcconfig */,
			);
			name = Pods;
			sourceTree = "<group>";
		};
/* End PBXGroup section */

/* Begin PBXNativeTarget section */
		048FF35D20E37BA6004E3CBB /* MLMDownload */ = {
			isa = PBXNativeTarget;
			buildConfigurationList = 048FF38A20E37BA8004E3CBB /* Build configuration list for PBXNativeTarget "MLMDownload" */;
			buildPhases = (
				98D54503C60A6C73C8FDC920 /* [CP] Check Pods Manifest.lock */,
				048FF35A20E37BA6004E3CBB /* Sources */,
				048FF35B20E37BA6004E3CBB /* Frameworks */,
				048FF35C20E37BA6004E3CBB /* Resources */,
				DB3F7284A0DDA67ECF8FE686 /* [CP] Embed Pods Frameworks */,
			);
			buildRules = (
			);
			dependencies = (
			);
			name = MLMDownload;
			productName = MLMDownload;
			productReference = 048FF35E20E37BA6004E3CBB /* MLMDownload.app */;
			productType = "com.apple.product-type.application";
		};
		048FF37520E37BA8004E3CBB /* MLMDownloadTests */ = {
			isa = PBXNativeTarget;
			buildConfigurationList = 048FF38D20E37BA8004E3CBB /* Build configuration list for PBXNativeTarget "MLMDownloadTests" */;
			buildPhases = (
				048FF37220E37BA8004E3CBB /* Sources */,
				048FF37320E37BA8004E3CBB /* Frameworks */,
				048FF37420E37BA8004E3CBB /* Resources */,
			);
			buildRules = (
			);
			dependencies = (
				048FF37820E37BA8004E3CBB /* PBXTargetDependency */,
			);
			name = MLMDownloadTests;
			productName = MLMDownloadTests;
			productReference = 048FF37620E37BA8004E3CBB /* MLMDownloadTests.xctest */;
			productType = "com.apple.product-type.bundle.unit-test";
		};
		048FF38020E37BA8004E3CBB /* MLMDownloadUITests */ = {
			isa = PBXNativeTarget;
			buildConfigurationList = 048FF39020E37BA8004E3CBB /* Build configuration list for PBXNativeTarget "MLMDownloadUITests" */;
			buildPhases = (
				048FF37D20E37BA8004E3CBB /* Sources */,
				048FF37E20E37BA8004E3CBB /* Frameworks */,
				048FF37F20E37BA8004E3CBB /* Resources */,
			);
			buildRules = (
			);
			dependencies = (
				048FF38320E37BA8004E3CBB /* PBXTargetDependency */,
			);
			name = MLMDownloadUITests;
			productName = MLMDownloadUITests;
			productReference = 048FF38120E37BA8004E3CBB /* MLMDownloadUITests.xctest */;
			productType = "com.apple.product-type.bundle.ui-testing";
		};
/* End PBXNativeTarget section */

/* Begin PBXProject section */
		048FF35620E37BA6004E3CBB /* Project object */ = {
			isa = PBXProject;
			attributes = {
				LastUpgradeCheck = 0940;
				ORGANIZATIONNAME = MAC;
				TargetAttributes = {
					048FF35D20E37BA6004E3CBB = {
						CreatedOnToolsVersion = 9.4.1;
					};
					048FF37520E37BA8004E3CBB = {
						CreatedOnToolsVersion = 9.4.1;
						TestTargetID = 048FF35D20E37BA6004E3CBB;
					};
					048FF38020E37BA8004E3CBB = {
						CreatedOnToolsVersion = 9.4.1;
						TestTargetID = 048FF35D20E37BA6004E3CBB;
					};
				};
			};
			buildConfigurationList = 048FF35920E37BA6004E3CBB /* Build configuration list for PBXProject "MLMDownload" */;
			compatibilityVersion = "Xcode 9.3";
			developmentRegion = en;
			hasScannedForEncodings = 0;
			knownRegions = (
				en,
				Base,
			);
			mainGroup = 048FF35520E37BA6004E3CBB;
			productRefGroup = 048FF35F20E37BA6004E3CBB /* Products */;
			projectDirPath = "";
			projectRoot = "";
			targets = (
				048FF35D20E37BA6004E3CBB /* MLMDownload */,
				048FF37520E37BA8004E3CBB /* MLMDownloadTests */,
				048FF38020E37BA8004E3CBB /* MLMDownloadUITests */,
			);
		};
/* End PBXProject section */

/* Begin PBXResourcesBuildPhase section */
		048FF35C20E37BA6004E3CBB /* Resources */ = {
			isa = PBXResourcesBuildPhase;
			buildActionMask = 2147483647;
			files = (
				048FF36E20E37BA8004E3CBB /* LaunchScreen.storyboard in Resources */,
				048FF36B20E37BA8004E3CBB /* Assets.xcassets in Resources */,
				048FF36920E37BA6004E3CBB /* Main.storyboard in Resources */,
			);
			runOnlyForDeploymentPostprocessing = 0;
		};
		048FF37420E37BA8004E3CBB /* Resources */ = {
			isa = PBXResourcesBuildPhase;
			buildActionMask = 2147483647;
			files = (
			);
			runOnlyForDeploymentPostprocessing = 0;
		};
		048FF37F20E37BA8004E3CBB /* Resources */ = {
			isa = PBXResourcesBuildPhase;
			buildActionMask = 2147483647;
			files = (
			);
			runOnlyForDeploymentPostprocessing = 0;
		};
/* End PBXResourcesBuildPhase section */

/* Begin PBXShellScriptBuildPhase section */
		98D54503C60A6C73C8FDC920 /* [CP] Check Pods Manifest.lock */ = {
			isa = PBXShellScriptBuildPhase;
			buildActionMask = 2147483647;
			files = (
			);
			inputPaths = (
				"${PODS_PODFILE_DIR_PATH}/Podfile.lock",
				"${PODS_ROOT}/Manifest.lock",
			);
			name = "[CP] Check Pods Manifest.lock";
			outputPaths = (
				"$(DERIVED_FILE_DIR)/Pods-MLMDownload-checkManifestLockResult.txt",
			);
			runOnlyForDeploymentPostprocessing = 0;
			shellPath = /bin/sh;
			shellScript = "diff \"${PODS_PODFILE_DIR_PATH}/Podfile.lock\" \"${PODS_ROOT}/Manifest.lock\" > /dev/null\nif [ $? != 0 ] ; then\n    # print error to STDERR\n    echo \"error: The sandbox is not in sync with the Podfile.lock. Run 'pod install' or update your CocoaPods installation.\" >&2\n    exit 1\nfi\n# This output is used by Xcode 'outputs' to avoid re-running this script phase.\necho \"SUCCESS\" > \"${SCRIPT_OUTPUT_FILE_0}\"\n";
			showEnvVarsInLog = 0;
		};
		DB3F7284A0DDA67ECF8FE686 /* [CP] Embed Pods Frameworks */ = {
			isa = PBXShellScriptBuildPhase;
			buildActionMask = 2147483647;
			files = (
			);
			inputPaths = (
				"${SRCROOT}/Pods/Target Support Files/Pods-MLMDownload/Pods-MLMDownload-frameworks.sh",
				"${BUILT_PRODUCTS_DIR}/MJExtension/MJExtension.framework",
			);
			name = "[CP] Embed Pods Frameworks";
			outputPaths = (
				"${TARGET_BUILD_DIR}/${FRAMEWORKS_FOLDER_PATH}/MJExtension.framework",
			);
			runOnlyForDeploymentPostprocessing = 0;
			shellPath = /bin/sh;
			shellScript = "\"${SRCROOT}/Pods/Target Support Files/Pods-MLMDownload/Pods-MLMDownload-frameworks.sh\"\n";
			showEnvVarsInLog = 0;
		};
/* End PBXShellScriptBuildPhase section */

/* Begin PBXSourcesBuildPhase section */
		048FF35A20E37BA6004E3CBB /* Sources */ = {
			isa = PBXSourcesBuildPhase;
			buildActionMask = 2147483647;
			files = (
				048FF39C20E380DB004E3CBB /* MLMDownloadRequest+Helper.m in Sources */,
				048FF39620E380B2004E3CBB /* MLMDownloadManager.m in Sources */,
				048FF36620E37BA6004E3CBB /* ViewController.m in Sources */,
				048FF37120E37BA8004E3CBB /* main.m in Sources */,
				048FF36320E37BA6004E3CBB /* AppDelegate.m in Sources */,
				048FF39920E380D0004E3CBB /* MLMDownloadRequest.m in Sources */,
			);
			runOnlyForDeploymentPostprocessing = 0;
		};
		048FF37220E37BA8004E3CBB /* Sources */ = {
			isa = PBXSourcesBuildPhase;
			buildActionMask = 2147483647;
			files = (
				048FF37B20E37BA8004E3CBB /* MLMDownloadTests.m in Sources */,
			);
			runOnlyForDeploymentPostprocessing = 0;
		};
		048FF37D20E37BA8004E3CBB /* Sources */ = {
			isa = PBXSourcesBuildPhase;
			buildActionMask = 2147483647;
			files = (
				048FF38620E37BA8004E3CBB /* MLMDownloadUITests.m in Sources */,
			);
			runOnlyForDeploymentPostprocessing = 0;
		};
/* End PBXSourcesBuildPhase section */

/* Begin PBXTargetDependency section */
		048FF37820E37BA8004E3CBB /* PBXTargetDependency */ = {
			isa = PBXTargetDependency;
			target = 048FF35D20E37BA6004E3CBB /* MLMDownload */;
			targetProxy = 048FF37720E37BA8004E3CBB /* PBXContainerItemProxy */;
		};
		048FF38320E37BA8004E3CBB /* PBXTargetDependency */ = {
			isa = PBXTargetDependency;
			target = 048FF35D20E37BA6004E3CBB /* MLMDownload */;
			targetProxy = 048FF38220E37BA8004E3CBB /* PBXContainerItemProxy */;
		};
/* End PBXTargetDependency section */

/* Begin PBXVariantGroup section */
		048FF36720E37BA6004E3CBB /* Main.storyboard */ = {
			isa = PBXVariantGroup;
			children = (
				048FF36820E37BA6004E3CBB /* Base */,
			);
			name = Main.storyboard;
			sourceTree = "<group>";
		};
		048FF36C20E37BA8004E3CBB /* LaunchScreen.storyboard */ = {
			isa = PBXVariantGroup;
			children = (
				048FF36D20E37BA8004E3CBB /* Base */,
			);
			name = LaunchScreen.storyboard;
			sourceTree = "<group>";
		};
/* End PBXVariantGroup section */

/* Begin XCBuildConfiguration section */
		048FF38820E37BA8004E3CBB /* Debug */ = {
			isa = XCBuildConfiguration;
			buildSettings = {
				ALWAYS_SEARCH_USER_PATHS = NO;
				CLANG_ANALYZER_NONNULL = YES;
				CLANG_ANALYZER_NUMBER_OBJECT_CONVERSION = YES_AGGRESSIVE;
				CLANG_CXX_LANGUAGE_STANDARD = "gnu++14";
				CLANG_CXX_LIBRARY = "libc++";
				CLANG_ENABLE_MODULES = YES;
				CLANG_ENABLE_OBJC_ARC = YES;
				CLANG_ENABLE_OBJC_WEAK = YES;
				CLANG_WARN_BLOCK_CAPTURE_AUTORELEASING = YES;
				CLANG_WARN_BOOL_CONVERSION = YES;
				CLANG_WARN_COMMA = YES;
				CLANG_WARN_CONSTANT_CONVERSION = YES;
				CLANG_WARN_DEPRECATED_OBJC_IMPLEMENTATIONS = YES;
				CLANG_WARN_DIRECT_OBJC_ISA_USAGE = YES_ERROR;
				CLANG_WARN_DOCUMENTATION_COMMENTS = YES;
				CLANG_WARN_EMPTY_BODY = YES;
				CLANG_WARN_ENUM_CONVERSION = YES;
				CLANG_WARN_INFINITE_RECURSION = YES;
				CLANG_WARN_INT_CONVERSION = YES;
				CLANG_WARN_NON_LITERAL_NULL_CONVERSION = YES;
				CLANG_WARN_OBJC_IMPLICIT_RETAIN_SELF = YES;
				CLANG_WARN_OBJC_LITERAL_CONVERSION = YES;
				CLANG_WARN_OBJC_ROOT_CLASS = YES_ERROR;
				CLANG_WARN_RANGE_LOOP_ANALYSIS = YES;
				CLANG_WARN_STRICT_PROTOTYPES = YES;
				CLANG_WARN_SUSPICIOUS_MOVE = YES;
				CLANG_WARN_UNGUARDED_AVAILABILITY = YES_AGGRESSIVE;
				CLANG_WARN_UNREACHABLE_CODE = YES;
				CLANG_WARN__DUPLICATE_METHOD_MATCH = YES;
				CODE_SIGN_IDENTITY = "iPhone Developer";
				COPY_PHASE_STRIP = NO;
				DEBUG_INFORMATION_FORMAT = dwarf;
				ENABLE_STRICT_OBJC_MSGSEND = YES;
				ENABLE_TESTABILITY = YES;
				GCC_C_LANGUAGE_STANDARD = gnu11;
				GCC_DYNAMIC_NO_PIC = NO;
				GCC_NO_COMMON_BLOCKS = YES;
				GCC_OPTIMIZATION_LEVEL = 0;
				GCC_PREPROCESSOR_DEFINITIONS = (
					"DEBUG=1",
					"$(inherited)",
				);
				GCC_WARN_64_TO_32_BIT_CONVERSION = YES;
				GCC_WARN_ABOUT_RETURN_TYPE = YES_ERROR;
				GCC_WARN_UNDECLARED_SELECTOR = YES;
				GCC_WARN_UNINITIALIZED_AUTOS = YES_AGGRESSIVE;
				GCC_WARN_UNUSED_FUNCTION = YES;
				GCC_WARN_UNUSED_VARIABLE = YES;
				IPHONEOS_DEPLOYMENT_TARGET = 11.4;
				MTL_ENABLE_DEBUG_INFO = YES;
				ONLY_ACTIVE_ARCH = YES;
				SDKROOT = iphoneos;
			};
			name = Debug;
		};
		048FF38920E37BA8004E3CBB /* Release */ = {
			isa = XCBuildConfiguration;
			buildSettings = {
				ALWAYS_SEARCH_USER_PATHS = NO;
				CLANG_ANALYZER_NONNULL = YES;
				CLANG_ANALYZER_NUMBER_OBJECT_CONVERSION = YES_AGGRESSIVE;
				CLANG_CXX_LANGUAGE_STANDARD = "gnu++14";
				CLANG_CXX_LIBRARY = "libc++";
				CLANG_ENABLE_MODULES = YES;
				CLANG_ENABLE_OBJC_ARC = YES;
				CLANG_ENABLE_OBJC_WEAK = YES;
				CLANG_WARN_BLOCK_CAPTURE_AUTORELEASING = YES;
				CLANG_WARN_BOOL_CONVERSION = YES;
				CLANG_WARN_COMMA = YES;
				CLANG_WARN_CONSTANT_CONVERSION = YES;
				CLANG_WARN_DEPRECATED_OBJC_IMPLEMENTATIONS = YES;
				CLANG_WARN_DIRECT_OBJC_ISA_USAGE = YES_ERROR;
				CLANG_WARN_DOCUMENTATION_COMMENTS = YES;
				CLANG_WARN_EMPTY_BODY = YES;
				CLANG_WARN_ENUM_CONVERSION = YES;
				CLANG_WARN_INFINITE_RECURSION = YES;
				CLANG_WARN_INT_CONVERSION = YES;
				CLANG_WARN_NON_LITERAL_NULL_CONVERSION = YES;
				CLANG_WARN_OBJC_IMPLICIT_RETAIN_SELF = YES;
				CLANG_WARN_OBJC_LITERAL_CONVERSION = YES;
				CLANG_WARN_OBJC_ROOT_CLASS = YES_ERROR;
				CLANG_WARN_RANGE_LOOP_ANALYSIS = YES;
				CLANG_WARN_STRICT_PROTOTYPES = YES;
				CLANG_WARN_SUSPICIOUS_MOVE = YES;
				CLANG_WARN_UNGUARDED_AVAILABILITY = YES_AGGRESSIVE;
				CLANG_WARN_UNREACHABLE_CODE = YES;
				CLANG_WARN__DUPLICATE_METHOD_MATCH = YES;
				CODE_SIGN_IDENTITY = "iPhone Developer";
				COPY_PHASE_STRIP = NO;
				DEBUG_INFORMATION_FORMAT = "dwarf-with-dsym";
				ENABLE_NS_ASSERTIONS = NO;
				ENABLE_STRICT_OBJC_MSGSEND = YES;
				GCC_C_LANGUAGE_STANDARD = gnu11;
				GCC_NO_COMMON_BLOCKS = YES;
				GCC_WARN_64_TO_32_BIT_CONVERSION = YES;
				GCC_WARN_ABOUT_RETURN_TYPE = YES_ERROR;
				GCC_WARN_UNDECLARED_SELECTOR = YES;
				GCC_WARN_UNINITIALIZED_AUTOS = YES_AGGRESSIVE;
				GCC_WARN_UNUSED_FUNCTION = YES;
				GCC_WARN_UNUSED_VARIABLE = YES;
				IPHONEOS_DEPLOYMENT_TARGET = 11.4;
				MTL_ENABLE_DEBUG_INFO = NO;
				SDKROOT = iphoneos;
				VALIDATE_PRODUCT = YES;
			};
			name = Release;
		};
		048FF38B20E37BA8004E3CBB /* Debug */ = {
			isa = XCBuildConfiguration;
			baseConfigurationReference = 3F34A1983CBCBF7BD3CD242C /* Pods-MLMDownload.debug.xcconfig */;
			buildSettings = {
				ASSETCATALOG_COMPILER_APPICON_NAME = AppIcon;
				CODE_SIGN_STYLE = Automatic;
				DEVELOPMENT_TEAM = 5MEUQ98276;
				INFOPLIST_FILE = MLMDownload/Info.plist;
				IPHONEOS_DEPLOYMENT_TARGET = 8.0;
				LD_RUNPATH_SEARCH_PATHS = (
					"$(inherited)",
					"@executable_path/Frameworks",
				);
				PRODUCT_BUNDLE_IDENTIFIER = com.MLM.MLMDownload;
				PRODUCT_NAME = "$(TARGET_NAME)";
				TARGETED_DEVICE_FAMILY = "1,2";
			};
			name = Debug;
		};
		048FF38C20E37BA8004E3CBB /* Release */ = {
			isa = XCBuildConfiguration;
			baseConfigurationReference = BD2E9323309B13647A122FE8 /* Pods-MLMDownload.release.xcconfig */;
			buildSettings = {
				ASSETCATALOG_COMPILER_APPICON_NAME = AppIcon;
				CODE_SIGN_STYLE = Automatic;
				DEVELOPMENT_TEAM = 5MEUQ98276;
				INFOPLIST_FILE = MLMDownload/Info.plist;
				IPHONEOS_DEPLOYMENT_TARGET = 8.0;
				LD_RUNPATH_SEARCH_PATHS = (
					"$(inherited)",
					"@executable_path/Frameworks",
				);
				PRODUCT_BUNDLE_IDENTIFIER = com.MLM.MLMDownload;
				PRODUCT_NAME = "$(TARGET_NAME)";
				TARGETED_DEVICE_FAMILY = "1,2";
			};
			name = Release;
		};
		048FF38E20E37BA8004E3CBB /* Debug */ = {
			isa = XCBuildConfiguration;
			buildSettings = {
				BUNDLE_LOADER = "$(TEST_HOST)";
				CODE_SIGN_STYLE = Automatic;
				INFOPLIST_FILE = MLMDownloadTests/Info.plist;
				LD_RUNPATH_SEARCH_PATHS = (
					"$(inherited)",
					"@executable_path/Frameworks",
					"@loader_path/Frameworks",
				);
				PRODUCT_BUNDLE_IDENTIFIER = com.MLM.MLMDownloadTests;
				PRODUCT_NAME = "$(TARGET_NAME)";
				TARGETED_DEVICE_FAMILY = "1,2";
				TEST_HOST = "$(BUILT_PRODUCTS_DIR)/MLMDownload.app/MLMDownload";
			};
			name = Debug;
		};
		048FF38F20E37BA8004E3CBB /* Release */ = {
			isa = XCBuildConfiguration;
			buildSettings = {
				BUNDLE_LOADER = "$(TEST_HOST)";
				CODE_SIGN_STYLE = Automatic;
				INFOPLIST_FILE = MLMDownloadTests/Info.plist;
				LD_RUNPATH_SEARCH_PATHS = (
					"$(inherited)",
					"@executable_path/Frameworks",
					"@loader_path/Frameworks",
				);
				PRODUCT_BUNDLE_IDENTIFIER = com.MLM.MLMDownloadTests;
				PRODUCT_NAME = "$(TARGET_NAME)";
				TARGETED_DEVICE_FAMILY = "1,2";
				TEST_HOST = "$(BUILT_PRODUCTS_DIR)/MLMDownload.app/MLMDownload";
			};
			name = Release;
		};
		048FF39120E37BA8004E3CBB /* Debug */ = {
			isa = XCBuildConfiguration;
			buildSettings = {
				CODE_SIGN_STYLE = Automatic;
				INFOPLIST_FILE = MLMDownloadUITests/Info.plist;
				LD_RUNPATH_SEARCH_PATHS = (
					"$(inherited)",
					"@executable_path/Frameworks",
					"@loader_path/Frameworks",
				);
				PRODUCT_BUNDLE_IDENTIFIER = com.MLM.MLMDownloadUITests;
				PRODUCT_NAME = "$(TARGET_NAME)";
				TARGETED_DEVICE_FAMILY = "1,2";
				TEST_TARGET_NAME = MLMDownload;
			};
			name = Debug;
		};
		048FF39220E37BA8004E3CBB /* Release */ = {
			isa = XCBuildConfiguration;
			buildSettings = {
				CODE_SIGN_STYLE = Automatic;
				INFOPLIST_FILE = MLMDownloadUITests/Info.plist;
				LD_RUNPATH_SEARCH_PATHS = (
					"$(inherited)",
					"@executable_path/Frameworks",
					"@loader_path/Frameworks",
				);
				PRODUCT_BUNDLE_IDENTIFIER = com.MLM.MLMDownloadUITests;
				PRODUCT_NAME = "$(TARGET_NAME)";
				TARGETED_DEVICE_FAMILY = "1,2";
				TEST_TARGET_NAME = MLMDownload;
			};
			name = Release;
		};
/* End XCBuildConfiguration section */

/* Begin XCConfigurationList section */
		048FF35920E37BA6004E3CBB /* Build configuration list for PBXProject "MLMDownload" */ = {
			isa = XCConfigurationList;
			buildConfigurations = (
				048FF38820E37BA8004E3CBB /* Debug */,
				048FF38920E37BA8004E3CBB /* Release */,
			);
			defaultConfigurationIsVisible = 0;
			defaultConfigurationName = Release;
		};
		048FF38A20E37BA8004E3CBB /* Build configuration list for PBXNativeTarget "MLMDownload" */ = {
			isa = XCConfigurationList;
			buildConfigurations = (
				048FF38B20E37BA8004E3CBB /* Debug */,
				048FF38C20E37BA8004E3CBB /* Release */,
			);
			defaultConfigurationIsVisible = 0;
			defaultConfigurationName = Release;
		};
		048FF38D20E37BA8004E3CBB /* Build configuration list for PBXNativeTarget "MLMDownloadTests" */ = {
			isa = XCConfigurationList;
			buildConfigurations = (
				048FF38E20E37BA8004E3CBB /* Debug */,
				048FF38F20E37BA8004E3CBB /* Release */,
			);
			defaultConfigurationIsVisible = 0;
			defaultConfigurationName = Release;
		};
		048FF39020E37BA8004E3CBB /* Build configuration list for PBXNativeTarget "MLMDownloadUITests" */ = {
			isa = XCConfigurationList;
			buildConfigurations = (
				048FF39120E37BA8004E3CBB /* Debug */,
				048FF39220E37BA8004E3CBB /* Release */,
			);
			defaultConfigurationIsVisible = 0;
			defaultConfigurationName = Release;
		};
/* End XCConfigurationList section */
	};
	rootObject = 048FF35620E37BA6004E3CBB /* Project object */;
}
